// !$*UTF8*$!
{
	archiveVersion = 1;
	classes = {
	};
	objectVersion = 56;
	objects = {

/* Begin PBXBuildFile section */
		AA4BF1E42C6B95150088D3F2 /* PureSipApp.swift in Sources */ = {isa = PBXBuildFile; fileRef = AA4BF1E32C6B95150088D3F2 /* PureSipApp.swift */; };
		AA4BF1E82C6B95160088D3F2 /* Assets.xcassets in Resources */ = {isa = PBXBuildFile; fileRef = AA4BF1E72C6B95160088D3F2 /* Assets.xcassets */; };
		AA4BF1EC2C6B95160088D3F2 /* Preview Assets.xcassets in Resources */ = {isa = PBXBuildFile; fileRef = AA4BF1EB2C6B95160088D3F2 /* Preview Assets.xcassets */; };
		AA4BF1FE2C6CA0930088D3F2 /* WaterProgressViewModel.swift in Sources */ = {isa = PBXBuildFile; fileRef = AA4BF1FD2C6CA0930088D3F2 /* WaterProgressViewModel.swift */; };
		AA4BF2042C6CA4490088D3F2 /* GlassSize.swift in Sources */ = {isa = PBXBuildFile; fileRef = AA4BF2032C6CA4490088D3F2 /* GlassSize.swift */; };
		AABD042D2C6F4007001EC15E /* Gooey.swift in Sources */ = {isa = PBXBuildFile; fileRef = AABD042C2C6F4007001EC15E /* Gooey.swift */; };
		AABD042F2C6F4B09001EC15E /* ActionButton.swift in Sources */ = {isa = PBXBuildFile; fileRef = AABD042E2C6F4B08001EC15E /* ActionButton.swift */; };
		AABD043A2C6F76FF001EC15E /* CGFloat+Formatter.swift in Sources */ = {isa = PBXBuildFile; fileRef = AABD04392C6F76FF001EC15E /* CGFloat+Formatter.swift */; };
		AABD043C2C6FAD75001EC15E /* WaterDropComponent.swift in Sources */ = {isa = PBXBuildFile; fileRef = AABD043B2C6FAD75001EC15E /* WaterDropComponent.swift */; };
		AAC82A092C6D1BC800F5C84E /* WaterDropView.swift in Sources */ = {isa = PBXBuildFile; fileRef = AAC82A082C6D1BC800F5C84E /* WaterDropView.swift */; };
		AAC82A0B2C6D1BDE00F5C84E /* ParticlesComponent.swift in Sources */ = {isa = PBXBuildFile; fileRef = AAC82A0A2C6D1BDE00F5C84E /* ParticlesComponent.swift */; };
		AAC82A0D2C6D1BFF00F5C84E /* WaveShape.swift in Sources */ = {isa = PBXBuildFile; fileRef = AAC82A0C2C6D1BFF00F5C84E /* WaveShape.swift */; };
/* End PBXBuildFile section */

/* Begin PBXFileReference section */
		AA4BF1E02C6B95150088D3F2 /* PureSip.app */ = {isa = PBXFileReference; explicitFileType = wrapper.application; includeInIndex = 0; path = PureSip.app; sourceTree = BUILT_PRODUCTS_DIR; };
		AA4BF1E32C6B95150088D3F2 /* PureSipApp.swift */ = {isa = PBXFileReference; lastKnownFileType = sourcecode.swift; path = PureSipApp.swift; sourceTree = "<group>"; };
		AA4BF1E72C6B95160088D3F2 /* Assets.xcassets */ = {isa = PBXFileReference; lastKnownFileType = folder.assetcatalog; path = Assets.xcassets; sourceTree = "<group>"; };
		AA4BF1E92C6B95160088D3F2 /* PureSip.entitlements */ = {isa = PBXFileReference; lastKnownFileType = text.plist.entitlements; path = PureSip.entitlements; sourceTree = "<group>"; };
		AA4BF1EB2C6B95160088D3F2 /* Preview Assets.xcassets */ = {isa = PBXFileReference; lastKnownFileType = folder.assetcatalog; path = "Preview Assets.xcassets"; sourceTree = "<group>"; };
		AA4BF1FD2C6CA0930088D3F2 /* WaterProgressViewModel.swift */ = {isa = PBXFileReference; lastKnownFileType = sourcecode.swift; path = WaterProgressViewModel.swift; sourceTree = "<group>"; };
		AA4BF2032C6CA4490088D3F2 /* GlassSize.swift */ = {isa = PBXFileReference; lastKnownFileType = sourcecode.swift; path = GlassSize.swift; sourceTree = "<group>"; };
		AABD042C2C6F4007001EC15E /* Gooey.swift */ = {isa = PBXFileReference; lastKnownFileType = sourcecode.swift; path = Gooey.swift; sourceTree = "<group>"; };
		AABD042E2C6F4B08001EC15E /* ActionButton.swift */ = {isa = PBXFileReference; lastKnownFileType = sourcecode.swift; path = ActionButton.swift; sourceTree = "<group>"; };
		AABD04392C6F76FF001EC15E /* CGFloat+Formatter.swift */ = {isa = PBXFileReference; lastKnownFileType = sourcecode.swift; path = "CGFloat+Formatter.swift"; sourceTree = "<group>"; };
		AABD043B2C6FAD75001EC15E /* WaterDropComponent.swift */ = {isa = PBXFileReference; lastKnownFileType = sourcecode.swift; path = WaterDropComponent.swift; sourceTree = "<group>"; };
		AAC82A082C6D1BC800F5C84E /* WaterDropView.swift */ = {isa = PBXFileReference; lastKnownFileType = sourcecode.swift; path = WaterDropView.swift; sourceTree = "<group>"; };
		AAC82A0A2C6D1BDE00F5C84E /* ParticlesComponent.swift */ = {isa = PBXFileReference; lastKnownFileType = sourcecode.swift; path = ParticlesComponent.swift; sourceTree = "<group>"; };
		AAC82A0C2C6D1BFF00F5C84E /* WaveShape.swift */ = {isa = PBXFileReference; lastKnownFileType = sourcecode.swift; path = WaveShape.swift; sourceTree = "<group>"; };
/* End PBXFileReference section */

/* Begin PBXFrameworksBuildPhase section */
		AA4BF1DD2C6B95150088D3F2 /* Frameworks */ = {
			isa = PBXFrameworksBuildPhase;
			buildActionMask = 2147483647;
			files = (
			);
			runOnlyForDeploymentPostprocessing = 0;
		};
/* End PBXFrameworksBuildPhase section */

/* Begin PBXGroup section */
		AA4BF1D72C6B95150088D3F2 = {
			isa = PBXGroup;
			children = (
				AA4BF1E22C6B95150088D3F2 /* PureSip */,
				AA4BF1E12C6B95150088D3F2 /* Products */,
			);
			sourceTree = "<group>";
		};
		AA4BF1E12C6B95150088D3F2 /* Products */ = {
			isa = PBXGroup;
			children = (
				AA4BF1E02C6B95150088D3F2 /* PureSip.app */,
			);
			name = Products;
			sourceTree = "<group>";
		};
		AA4BF1E22C6B95150088D3F2 /* PureSip */ = {
			isa = PBXGroup;
			children = (
				AA4BF1E92C6B95160088D3F2 /* PureSip.entitlements */,
				AA4BF1E32C6B95150088D3F2 /* PureSipApp.swift */,
				AA4BF1E72C6B95160088D3F2 /* Assets.xcassets */,
				AABD04312C6F65AB001EC15E /* Components */,
				AABD04302C6F5DC3001EC15E /* Effect */,
				AABD04382C6F76DC001EC15E /* Extensions */,
				AA4BF2052C6CA47D0088D3F2 /* Models */,
				AA4BF1EA2C6B95160088D3F2 /* Preview Content */,
				AA4BF2002C6CA3840088D3F2 /* ViewModels */,
				AA4BF1FF2C6CA37C0088D3F2 /* Views */,
			);
			path = PureSip;
			sourceTree = "<group>";
		};
		AA4BF1EA2C6B95160088D3F2 /* Preview Content */ = {
			isa = PBXGroup;
			children = (
				AA4BF1EB2C6B95160088D3F2 /* Preview Assets.xcassets */,
			);
			path = "Preview Content";
			sourceTree = "<group>";
		};
		AA4BF1FF2C6CA37C0088D3F2 /* Views */ = {
			isa = PBXGroup;
			children = (
				AAC82A082C6D1BC800F5C84E /* WaterDropView.swift */,
			);
			path = Views;
			sourceTree = "<group>";
		};
		AA4BF2002C6CA3840088D3F2 /* ViewModels */ = {
			isa = PBXGroup;
			children = (
				AA4BF1FD2C6CA0930088D3F2 /* WaterProgressViewModel.swift */,
			);
			path = ViewModels;
			sourceTree = "<group>";
		};
		AA4BF2052C6CA47D0088D3F2 /* Models */ = {
			isa = PBXGroup;
			children = (
				AA4BF2032C6CA4490088D3F2 /* GlassSize.swift */,
			);
			path = Models;
			sourceTree = "<group>";
		};
		AABD04302C6F5DC3001EC15E /* Effect */ = {
			isa = PBXGroup;
			children = (
				AABD042C2C6F4007001EC15E /* Gooey.swift */,
			);
			name = Effect;
			sourceTree = "<group>";
		};
		AABD04312C6F65AB001EC15E /* Components */ = {
			isa = PBXGroup;
			children = (
				AAC82A0A2C6D1BDE00F5C84E /* ParticlesComponent.swift */,
				AAC82A0C2C6D1BFF00F5C84E /* WaveShape.swift */,
				AABD042E2C6F4B08001EC15E /* ActionButton.swift */,
				AABD043B2C6FAD75001EC15E /* WaterDropComponent.swift */,
			);
			name = Components;
			path = Views;
			sourceTree = "<group>";
		};
		AABD04382C6F76DC001EC15E /* Extensions */ = {
			isa = PBXGroup;
			children = (
				AABD04392C6F76FF001EC15E /* CGFloat+Formatter.swift */,
			);
			path = Extensions;
			sourceTree = "<group>";
		};
/* End PBXGroup section */

/* Begin PBXNativeTarget section */
		AA4BF1DF2C6B95150088D3F2 /* PureSip */ = {
			isa = PBXNativeTarget;
			buildConfigurationList = AA4BF1EF2C6B95160088D3F2 /* Build configuration list for PBXNativeTarget "PureSip" */;
			buildPhases = (
				AA4BF1DC2C6B95150088D3F2 /* Sources */,
				AA4BF1DD2C6B95150088D3F2 /* Frameworks */,
				AA4BF1DE2C6B95150088D3F2 /* Resources */,
			);
			buildRules = (
			);
			dependencies = (
			);
			name = PureSip;
			productName = PureSip;
			productReference = AA4BF1E02C6B95150088D3F2 /* PureSip.app */;
			productType = "com.apple.product-type.application";
		};
/* End PBXNativeTarget section */

/* Begin PBXProject section */
		AA4BF1D82C6B95150088D3F2 /* Project object */ = {
			isa = PBXProject;
			attributes = {
				BuildIndependentTargetsInParallel = 1;
				LastSwiftUpdateCheck = 1540;
				LastUpgradeCheck = 1540;
				TargetAttributes = {
					AA4BF1DF2C6B95150088D3F2 = {
						CreatedOnToolsVersion = 15.4;
					};
				};
			};
			buildConfigurationList = AA4BF1DB2C6B95150088D3F2 /* Build configuration list for PBXProject "PureSip" */;
			compatibilityVersion = "Xcode 14.0";
			developmentRegion = en;
			hasScannedForEncodings = 0;
			knownRegions = (
				en,
				Base,
			);
			mainGroup = AA4BF1D72C6B95150088D3F2;
			packageReferences = (
			);
			productRefGroup = AA4BF1E12C6B95150088D3F2 /* Products */;
			projectDirPath = "";
			projectRoot = "";
			targets = (
				AA4BF1DF2C6B95150088D3F2 /* PureSip */,
			);
		};
/* End PBXProject section */

/* Begin PBXResourcesBuildPhase section */
		AA4BF1DE2C6B95150088D3F2 /* Resources */ = {
			isa = PBXResourcesBuildPhase;
			buildActionMask = 2147483647;
			files = (
				AA4BF1EC2C6B95160088D3F2 /* Preview Assets.xcassets in Resources */,
				AA4BF1E82C6B95160088D3F2 /* Assets.xcassets in Resources */,
			);
			runOnlyForDeploymentPostprocessing = 0;
		};
/* End PBXResourcesBuildPhase section */

/* Begin PBXSourcesBuildPhase section */
		AA4BF1DC2C6B95150088D3F2 /* Sources */ = {
			isa = PBXSourcesBuildPhase;
			buildActionMask = 2147483647;
			files = (
				AA4BF2042C6CA4490088D3F2 /* GlassSize.swift in Sources */,
				AABD042D2C6F4007001EC15E /* Gooey.swift in Sources */,
				AABD043C2C6FAD75001EC15E /* WaterDropComponent.swift in Sources */,
				AAC82A0B2C6D1BDE00F5C84E /* ParticlesComponent.swift in Sources */,
				AA4BF1FE2C6CA0930088D3F2 /* WaterProgressViewModel.swift in Sources */,
				AABD042F2C6F4B09001EC15E /* ActionButton.swift in Sources */,
				AAC82A092C6D1BC800F5C84E /* WaterDropView.swift in Sources */,
				AABD043A2C6F76FF001EC15E /* CGFloat+Formatter.swift in Sources */,
				AAC82A0D2C6D1BFF00F5C84E /* WaveShape.swift in Sources */,
				AA4BF1E42C6B95150088D3F2 /* PureSipApp.swift in Sources */,
			);
			runOnlyForDeploymentPostprocessing = 0;
		};
/* End PBXSourcesBuildPhase section */

/* Begin XCBuildConfiguration section */
		AA4BF1ED2C6B95160088D3F2 /* Debug */ = {
			isa = XCBuildConfiguration;
			buildSettings = {
				ALWAYS_SEARCH_USER_PATHS = NO;
				ASSETCATALOG_COMPILER_GENERATE_SWIFT_ASSET_SYMBOL_EXTENSIONS = YES;
				CLANG_ANALYZER_NONNULL = YES;
				CLANG_ANALYZER_NUMBER_OBJECT_CONVERSION = YES_AGGRESSIVE;
				CLANG_CXX_LANGUAGE_STANDARD = "gnu++20";
				CLANG_ENABLE_MODULES = YES;
				CLANG_ENABLE_OBJC_ARC = YES;
				CLANG_ENABLE_OBJC_WEAK = YES;
				CLANG_WARN_BLOCK_CAPTURE_AUTORELEASING = YES;
				CLANG_WARN_BOOL_CONVERSION = YES;
				CLANG_WARN_COMMA = YES;
				CLANG_WARN_CONSTANT_CONVERSION = YES;
				CLANG_WARN_DEPRECATED_OBJC_IMPLEMENTATIONS = YES;
				CLANG_WARN_DIRECT_OBJC_ISA_USAGE = YES_ERROR;
				CLANG_WARN_DOCUMENTATION_COMMENTS = YES;
				CLANG_WARN_EMPTY_BODY = YES;
				CLANG_WARN_ENUM_CONVERSION = YES;
				CLANG_WARN_INFINITE_RECURSION = YES;
				CLANG_WARN_INT_CONVERSION = YES;
				CLANG_WARN_NON_LITERAL_NULL_CONVERSION = YES;
				CLANG_WARN_OBJC_IMPLICIT_RETAIN_SELF = YES;
				CLANG_WARN_OBJC_LITERAL_CONVERSION = YES;
				CLANG_WARN_OBJC_ROOT_CLASS = YES_ERROR;
				CLANG_WARN_QUOTED_INCLUDE_IN_FRAMEWORK_HEADER = YES;
				CLANG_WARN_RANGE_LOOP_ANALYSIS = YES;
				CLANG_WARN_STRICT_PROTOTYPES = YES;
				CLANG_WARN_SUSPICIOUS_MOVE = YES;
				CLANG_WARN_UNGUARDED_AVAILABILITY = YES_AGGRESSIVE;
				CLANG_WARN_UNREACHABLE_CODE = YES;
				CLANG_WARN__DUPLICATE_METHOD_MATCH = YES;
				COPY_PHASE_STRIP = NO;
				DEBUG_INFORMATION_FORMAT = dwarf;
				ENABLE_STRICT_OBJC_MSGSEND = YES;
				ENABLE_TESTABILITY = YES;
				ENABLE_USER_SCRIPT_SANDBOXING = YES;
				GCC_C_LANGUAGE_STANDARD = gnu17;
				GCC_DYNAMIC_NO_PIC = NO;
				GCC_NO_COMMON_BLOCKS = YES;
				GCC_OPTIMIZATION_LEVEL = 0;
				GCC_PREPROCESSOR_DEFINITIONS = (
					"DEBUG=1",
					"$(inherited)",
				);
				GCC_WARN_64_TO_32_BIT_CONVERSION = YES;
				GCC_WARN_ABOUT_RETURN_TYPE = YES_ERROR;
				GCC_WARN_UNDECLARED_SELECTOR = YES;
				GCC_WARN_UNINITIALIZED_AUTOS = YES_AGGRESSIVE;
				GCC_WARN_UNUSED_FUNCTION = YES;
				GCC_WARN_UNUSED_VARIABLE = YES;
				LOCALIZATION_PREFERS_STRING_CATALOGS = YES;
				MTL_ENABLE_DEBUG_INFO = INCLUDE_SOURCE;
				MTL_FAST_MATH = YES;
				ONLY_ACTIVE_ARCH = YES;
				SWIFT_ACTIVE_COMPILATION_CONDITIONS = "DEBUG $(inherited)";
				SWIFT_OPTIMIZATION_LEVEL = "-Onone";
			};
			name = Debug;
		};
		AA4BF1EE2C6B95160088D3F2 /* Release */ = {
			isa = XCBuildConfiguration;
			buildSettings = {
				ALWAYS_SEARCH_USER_PATHS = NO;
				ASSETCATALOG_COMPILER_GENERATE_SWIFT_ASSET_SYMBOL_EXTENSIONS = YES;
				CLANG_ANALYZER_NONNULL = YES;
				CLANG_ANALYZER_NUMBER_OBJECT_CONVERSION = YES_AGGRESSIVE;
				CLANG_CXX_LANGUAGE_STANDARD = "gnu++20";
				CLANG_ENABLE_MODULES = YES;
				CLANG_ENABLE_OBJC_ARC = YES;
				CLANG_ENABLE_OBJC_WEAK = YES;
				CLANG_WARN_BLOCK_CAPTURE_AUTORELEASING = YES;
				CLANG_WARN_BOOL_CONVERSION = YES;
				CLANG_WARN_COMMA = YES;
				CLANG_WARN_CONSTANT_CONVERSION = YES;
				CLANG_WARN_DEPRECATED_OBJC_IMPLEMENTATIONS = YES;
				CLANG_WARN_DIRECT_OBJC_ISA_USAGE = YES_ERROR;
				CLANG_WARN_DOCUMENTATION_COMMENTS = YES;
				CLANG_WARN_EMPTY_BODY = YES;
				CLANG_WARN_ENUM_CONVERSION = YES;
				CLANG_WARN_INFINITE_RECURSION = YES;
				CLANG_WARN_INT_CONVERSION = YES;
				CLANG_WARN_NON_LITERAL_NULL_CONVERSION = YES;
				CLANG_WARN_OBJC_IMPLICIT_RETAIN_SELF = YES;
				CLANG_WARN_OBJC_LITERAL_CONVERSION = YES;
				CLANG_WARN_OBJC_ROOT_CLASS = YES_ERROR;
				CLANG_WARN_QUOTED_INCLUDE_IN_FRAMEWORK_HEADER = YES;
				CLANG_WARN_RANGE_LOOP_ANALYSIS = YES;
				CLANG_WARN_STRICT_PROTOTYPES = YES;
				CLANG_WARN_SUSPICIOUS_MOVE = YES;
				CLANG_WARN_UNGUARDED_AVAILABILITY = YES_AGGRESSIVE;
				CLANG_WARN_UNREACHABLE_CODE = YES;
				CLANG_WARN__DUPLICATE_METHOD_MATCH = YES;
				COPY_PHASE_STRIP = NO;
				DEBUG_INFORMATION_FORMAT = "dwarf-with-dsym";
				ENABLE_NS_ASSERTIONS = NO;
				ENABLE_STRICT_OBJC_MSGSEND = YES;
				ENABLE_USER_SCRIPT_SANDBOXING = YES;
				GCC_C_LANGUAGE_STANDARD = gnu17;
				GCC_NO_COMMON_BLOCKS = YES;
				GCC_WARN_64_TO_32_BIT_CONVERSION = YES;
				GCC_WARN_ABOUT_RETURN_TYPE = YES_ERROR;
				GCC_WARN_UNDECLARED_SELECTOR = YES;
				GCC_WARN_UNINITIALIZED_AUTOS = YES_AGGRESSIVE;
				GCC_WARN_UNUSED_FUNCTION = YES;
				GCC_WARN_UNUSED_VARIABLE = YES;
				LOCALIZATION_PREFERS_STRING_CATALOGS = YES;
				MTL_ENABLE_DEBUG_INFO = NO;
				MTL_FAST_MATH = YES;
				SWIFT_COMPILATION_MODE = wholemodule;
			};
			name = Release;
		};
		AA4BF1F02C6B95160088D3F2 /* Debug */ = {
			isa = XCBuildConfiguration;
			buildSettings = {
				ASSETCATALOG_COMPILER_APPICON_NAME = AppIcon;
				ASSETCATALOG_COMPILER_GLOBAL_ACCENT_COLOR_NAME = AccentColor;
				CODE_SIGN_ENTITLEMENTS = PureSip/PureSip.entitlements;
				CODE_SIGN_STYLE = Automatic;
				CURRENT_PROJECT_VERSION = 1;
				DEVELOPMENT_ASSET_PATHS = "\"PureSip/Preview Content\"";
				DEVELOPMENT_TEAM = FMHB2W3446;
				ENABLE_HARDENED_RUNTIME = YES;
				ENABLE_PREVIEWS = YES;
				GENERATE_INFOPLIST_FILE = YES;
				"INFOPLIST_KEY_UIApplicationSceneManifest_Generation[sdk=iphoneos*]" = YES;
				"INFOPLIST_KEY_UIApplicationSceneManifest_Generation[sdk=iphonesimulator*]" = YES;
				"INFOPLIST_KEY_UIApplicationSupportsIndirectInputEvents[sdk=iphoneos*]" = YES;
				"INFOPLIST_KEY_UIApplicationSupportsIndirectInputEvents[sdk=iphonesimulator*]" = YES;
				"INFOPLIST_KEY_UILaunchScreen_Generation[sdk=iphoneos*]" = YES;
				"INFOPLIST_KEY_UILaunchScreen_Generation[sdk=iphonesimulator*]" = YES;
				"INFOPLIST_KEY_UIStatusBarStyle[sdk=iphoneos*]" = UIStatusBarStyleDefault;
				"INFOPLIST_KEY_UIStatusBarStyle[sdk=iphonesimulator*]" = UIStatusBarStyleDefault;
				INFOPLIST_KEY_UISupportedInterfaceOrientations_iPad = "UIInterfaceOrientationPortrait UIInterfaceOrientationPortraitUpsideDown UIInterfaceOrientationLandscapeLeft UIInterfaceOrientationLandscapeRight";
				INFOPLIST_KEY_UISupportedInterfaceOrientations_iPhone = "UIInterfaceOrientationPortrait UIInterfaceOrientationLandscapeLeft UIInterfaceOrientationLandscapeRight";
				IPHONEOS_DEPLOYMENT_TARGET = 17.5;
				LD_RUNPATH_SEARCH_PATHS = "@executable_path/Frameworks";
				"LD_RUNPATH_SEARCH_PATHS[sdk=macosx*]" = "@executable_path/../Frameworks";
				MACOSX_DEPLOYMENT_TARGET = 14.5;
				MARKETING_VERSION = 1.0;
				PRODUCT_BUNDLE_IDENTIFIER = rafael.serrano.PureSip;
				PRODUCT_NAME = "$(TARGET_NAME)";
				SDKROOT = auto;
				SUPPORTED_PLATFORMS = "iphoneos iphonesimulator macosx";
				SWIFT_EMIT_LOC_STRINGS = YES;
				SWIFT_VERSION = 5.0;
				TARGETED_DEVICE_FAMILY = "1,2";
			};
			name = Debug;
		};
		AA4BF1F12C6B95160088D3F2 /* Release */ = {
			isa = XCBuildConfiguration;
			buildSettings = {
				ASSETCATALOG_COMPILER_APPICON_NAME = AppIcon;
				ASSETCATALOG_COMPILER_GLOBAL_ACCENT_COLOR_NAME = AccentColor;
				CODE_SIGN_ENTITLEMENTS = PureSip/PureSip.entitlements;
				CODE_SIGN_STYLE = Automatic;
				CURRENT_PROJECT_VERSION = 1;
				DEVELOPMENT_ASSET_PATHS = "\"PureSip/Preview Content\"";
				DEVELOPMENT_TEAM = FMHB2W3446;
				ENABLE_HARDENED_RUNTIME = YES;
				ENABLE_PREVIEWS = YES;
				GENERATE_INFOPLIST_FILE = YES;
				"INFOPLIST_KEY_UIApplicationSceneManifest_Generation[sdk=iphoneos*]" = YES;
				"INFOPLIST_KEY_UIApplicationSceneManifest_Generation[sdk=iphonesimulator*]" = YES;
				"INFOPLIST_KEY_UIApplicationSupportsIndirectInputEvents[sdk=iphoneos*]" = YES;
				"INFOPLIST_KEY_UIApplicationSupportsIndirectInputEvents[sdk=iphonesimulator*]" = YES;
				"INFOPLIST_KEY_UILaunchScreen_Generation[sdk=iphoneos*]" = YES;
				"INFOPLIST_KEY_UILaunchScreen_Generation[sdk=iphonesimulator*]" = YES;
				"INFOPLIST_KEY_UIStatusBarStyle[sdk=iphoneos*]" = UIStatusBarStyleDefault;
				"INFOPLIST_KEY_UIStatusBarStyle[sdk=iphonesimulator*]" = UIStatusBarStyleDefault;
				INFOPLIST_KEY_UISupportedInterfaceOrientations_iPad = "UIInterfaceOrientationPortrait UIInterfaceOrientationPortraitUpsideDown UIInterfaceOrientationLandscapeLeft UIInterfaceOrientationLandscapeRight";
				INFOPLIST_KEY_UISupportedInterfaceOrientations_iPhone = "UIInterfaceOrientationPortrait UIInterfaceOrientationLandscapeLeft UIInterfaceOrientationLandscapeRight";
				IPHONEOS_DEPLOYMENT_TARGET = 17.5;
				LD_RUNPATH_SEARCH_PATHS = "@executable_path/Frameworks";
				"LD_RUNPATH_SEARCH_PATHS[sdk=macosx*]" = "@executable_path/../Frameworks";
				MACOSX_DEPLOYMENT_TARGET = 14.5;
				MARKETING_VERSION = 1.0;
				PRODUCT_BUNDLE_IDENTIFIER = rafael.serrano.PureSip;
				PRODUCT_NAME = "$(TARGET_NAME)";
				SDKROOT = auto;
				SUPPORTED_PLATFORMS = "iphoneos iphonesimulator macosx";
				SWIFT_EMIT_LOC_STRINGS = YES;
				SWIFT_VERSION = 5.0;
				TARGETED_DEVICE_FAMILY = "1,2";
			};
			name = Release;
		};
/* End XCBuildConfiguration section */

/* Begin XCConfigurationList section */
		AA4BF1DB2C6B95150088D3F2 /* Build configuration list for PBXProject "PureSip" */ = {
			isa = XCConfigurationList;
			buildConfigurations = (
				AA4BF1ED2C6B95160088D3F2 /* Debug */,
				AA4BF1EE2C6B95160088D3F2 /* Release */,
			);
			defaultConfigurationIsVisible = 0;
			defaultConfigurationName = Release;
		};
		AA4BF1EF2C6B95160088D3F2 /* Build configuration list for PBXNativeTarget "PureSip" */ = {
			isa = XCConfigurationList;
			buildConfigurations = (
				AA4BF1F02C6B95160088D3F2 /* Debug */,
				AA4BF1F12C6B95160088D3F2 /* Release */,
			);
			defaultConfigurationIsVisible = 0;
			defaultConfigurationName = Release;
		};
/* End XCConfigurationList section */
	};
	rootObject = AA4BF1D82C6B95150088D3F2 /* Project object */;
}
